
Microsoft Visual Studio Solution File, Format Version 12.00
# Visual Studio Version 17
VisualStudioVersion = 17.4.33122.133
MinimumVisualStudioVersion = 10.0.40219.1
Project("{FAE04EC0-301F-11D3-BF4B-00C04F79EFBC}") = "SallerWebMVC", "SallerWebMVC\SallerWebMVC.csproj", "{C8C15D2B-1D8D-4355-BD51-1514328FA13E}"
EndProject
Global
	GlobalSection(SolutionConfigurationPlatforms) = preSolution
		Debug|Any CPU = Debug|Any CPU
		Release|Any CPU = Release|Any CPU
	EndGlobalSection
	GlobalSection(ProjectConfigurationPlatforms) = postSolution
		{C8C15D2B-1D8D-4355-BD51-1514328FA13E}.Debug|Any CPU.ActiveCfg = Debug|Any CPU
		{C8C15D2B-1D8D-4355-BD51-1514328FA13E}.Debug|Any CPU.Build.0 = Debug|Any CPU
		{C8C15D2B-1D8D-4355-BD51-1514328FA13E}.Release|Any CPU.ActiveCfg = Release|Any CPU
		{C8C15D2B-1D8D-4355-BD51-1514328FA13E}.Release|Any CPU.Build.0 = Release|Any CPU
	EndGlobalSection
	GlobalSection(SolutionProperties) = preSolution
		HideSolutionNode = FALSE
	EndGlobalSection
	GlobalSection(ExtensibilityGlobals) = postSolution
		SolutionGuid = {A4666E64-F501-43C8-B62C-653AE9DC5207}
	EndGlobalSection
EndGlobal
